
Microsoft Visual Studio Solution File, Format Version 12.00
# Visual Studio Version 16
VisualStudioVersion = 16.0.30114.105
MinimumVisualStudioVersion = 10.0.40219.1
Project("{9A19103F-16F7-4668-BE54-9A1E7A4F7556}") = "CarWebApp", "CarWebApp\CarWebApp.csproj", "{47041ACE-B2DB-4D9C-847F-67C115501982}"
EndProject
Project("{FAE04EC0-301F-11D3-BF4B-00C04F79EFBC}") = "CarWebCore", "CarWebCore\CarWebCore.csproj", "{D87DAB6F-EEF7-46D8-9640-EAE98D0BB2E0}"
EndProject
Project("{FAE04EC0-301F-11D3-BF4B-00C04F79EFBC}") = "CarWebData", "CarWebData\CarWebData.csproj", "{4F6CF106-F433-4ABE-AC56-EDCBB97348D9}"
EndProject
Global
	GlobalSection(SolutionConfigurationPlatforms) = preSolution
		Debug|Any CPU = Debug|Any CPU
		Release|Any CPU = Release|Any CPU
	EndGlobalSection
	GlobalSection(ProjectConfigurationPlatforms) = postSolution
		{47041ACE-B2DB-4D9C-847F-67C115501982}.Debug|Any CPU.ActiveCfg = Debug|Any CPU
		{47041ACE-B2DB-4D9C-847F-67C115501982}.Debug|Any CPU.Build.0 = Debug|Any CPU
		{47041ACE-B2DB-4D9C-847F-67C115501982}.Release|Any CPU.ActiveCfg = Release|Any CPU
		{47041ACE-B2DB-4D9C-847F-67C115501982}.Release|Any CPU.Build.0 = Release|Any CPU
		{D87DAB6F-EEF7-46D8-9640-EAE98D0BB2E0}.Debug|Any CPU.ActiveCfg = Debug|Any CPU
		{D87DAB6F-EEF7-46D8-9640-EAE98D0BB2E0}.Debug|Any CPU.Build.0 = Debug|Any CPU
		{D87DAB6F-EEF7-46D8-9640-EAE98D0BB2E0}.Release|Any CPU.ActiveCfg = Release|Any CPU
		{D87DAB6F-EEF7-46D8-9640-EAE98D0BB2E0}.Release|Any CPU.Build.0 = Release|Any CPU
		{4F6CF106-F433-4ABE-AC56-EDCBB97348D9}.Debug|Any CPU.ActiveCfg = Debug|Any CPU
		{4F6CF106-F433-4ABE-AC56-EDCBB97348D9}.Debug|Any CPU.Build.0 = Debug|Any CPU
		{4F6CF106-F433-4ABE-AC56-EDCBB97348D9}.Release|Any CPU.ActiveCfg = Release|Any CPU
		{4F6CF106-F433-4ABE-AC56-EDCBB97348D9}.Release|Any CPU.Build.0 = Release|Any CPU
	EndGlobalSection
	GlobalSection(SolutionProperties) = preSolution
		HideSolutionNode = FALSE
	EndGlobalSection
	GlobalSection(ExtensibilityGlobals) = postSolution
		SolutionGuid = {37009776-6A61-4FE9-8393-87520DAF04EF}
	EndGlobalSection
EndGlobal
